github.com/BAGOMBEKA-JOB-DEV/ovrin v1.0.0 h1:nZaf4aulsXRCFyGFM0xiB7LFKI9YmQ4urnG0+rBbwYw=
github.com/BAGOMBEKA-JOB-DEV/ovrin v1.0.0/go.mod h1:0lOHPXyITWGpmxwqQmPauP7XJBj5BJI32kqytlwdfKo=
github.com/BAGOMBEKA-JOB-DEV/ovrin/model/skyl v1.0.0 h1:oCkuYdwkjLqggEATc9TqHTee7bfTa9d1ncl8Zk2caIg=
github.com/BAGOMBEKA-JOB-DEV/ovrin/model/skyl v1.0.0/go.mod h1:dQTN0y/Ct/2fHc9NAuvnHvHamNrHg4PwcUcf1h7qVbM=
github.com/BAGOMBEKA-JOB-DEV/skyl v0.1.0 h1:n7qLnOlYfS0JgsynY0hrNb695XRUDDDVPz9FT4h9RkM=
github.com/BAGOMBEKA-JOB-DEV/skyl v0.1.0/go.mod h1:ByTl+qQ1q2+kuIS5h+DrrWfyQUP1Z14qCc5co9DuHpg=
