github.com/BAGOMBEKA-JOB-DEV/ovrin v0.3.0 h1:yerca8X/GPlQTOtM4+NJoi+5Y/uxJSxTNA1v4ERkMZY=
github.com/BAGOMBEKA-JOB-DEV/ovrin v0.3.0/go.mod h1:0lOHPXyITWGpmxwqQmPauP7XJBj5BJI32kqytlwdfKo=
github.com/BAGOMBEKA-JOB-DEV/ovrin/model/skyl v0.1.0 h1:tZNAIkdt/pUCEwCSDw5rlepNEZuDaqThYmry4CRN5sU=
github.com/BAGOMBEKA-JOB-DEV/ovrin/model/skyl v0.1.0/go.mod h1:bHzg5PbOjK5SVVwHYymVxKBV2gEdbB8dPB0fh9e1qic=
github.com/BAGOMBEKA-JOB-DEV/skyl v0.1.0 h1:n7qLnOlYfS0JgsynY0hrNb695XRUDDDVPz9FT4h9RkM=
github.com/BAGOMBEKA-JOB-DEV/skyl v0.1.0/go.mod h1:ByTl+qQ1q2+kuIS5h+DrrWfyQUP1Z14qCc5co9DuHpg=
